# This file is automatically @generated by Poetry 2.0.1 and should not be changed by hand.

[[package]]
name = "psycopg"
version = "3.3.1"
description = "PostgreSQL database adapter for Python"
optional = false
python-versions = ">=3.10"
groups = ["main"]
files = [
    {file = "psycopg-3.3.1-py3-none-any.whl", hash = "sha256:e44d8eae209752efe46318f36dd0fdf5863e928009338d736843bb1084f6435c"},
    {file = "psycopg-3.3.1.tar.gz", hash = "sha256:ccfa30b75874eef809c0fbbb176554a2640cc1735a612accc2e2396a92442fc6"},
]

[package.dependencies]
typing-extensions = {version = ">=4.6", markers = "python_version < \"3.13\""}
tzdata = {version = "*", markers = "sys_platform == \"win32\""}

[package.extras]
binary = ["psycopg-binary (==3.3.1)"]
c = ["psycopg-c (==3.3.1)"]
dev = ["ast-comments (>=1.1.2)", "black (>=24.1.0)", "codespell (>=2.2)", "cython-lint (>=0.16)", "dnspython (>=2.1)", "flake8 (>=4.0)", "isort-psycopg", "isort[colors] (>=6.0)", "mypy (>=1.19.0)", "pre-commit (>=4.0.1)", "types-setuptools (>=57.4)", "types-shapely (>=2.0)", "wheel (>=0.37)"]
docs = ["Sphinx (>=5.0)", "furo (==2022.6.21)", "sphinx-autobuild (>=2021.3.14)", "sphinx-autodoc-typehints (>=1.12)"]
pool = ["psycopg-pool"]
test = ["anyio (>=4.0)", "mypy (>=1.19.0)", "pproxy (>=2.7)", "pytest (>=6.2.5)", "pytest-cov (>=3.0)", "pytest-randomly (>=3.5)"]

[[package]]
name = "python-dotenv"
version = "1.2.1"
description = "Read key-value pairs from a .env file and set them as environment variables"
optional = false
python-versions = ">=3.9"
groups = ["main"]
files = [
    {file = "python_dotenv-1.2.1-py3-none-any.whl", hash = "sha256:b81ee9561e9ca4004139c6cbba3a238c32b03e4894671e181b671e8cb8425d61"},
    {file = "python_dotenv-1.2.1.tar.gz", hash = "sha256:42667e897e16ab0d66954af0e60a9caa94f0fd4ecf3aaf6d2d260eec1aa36ad6"},
]

[package.extras]
cli = ["click (>=5.0)"]

[[package]]
name = "typing-extensions"
version = "4.15.0"
description = "Backported and Experimental Type Hints for Python 3.9+"
optional = false
python-versions = ">=3.9"
groups = ["main"]
markers = "python_version < \"3.13\""
files = [
    {file = "typing_extensions-4.15.0-py3-none-any.whl", hash = "sha256:f0fa19c6845758ab08074a0cfa8b7aecb71c999ca73d62883bc25cc018c4e548"},
    {file = "typing_extensions-4.15.0.tar.gz", hash = "sha256:0cea48d173cc12fa28ecabc3b837ea3cf6f38c6d1136f85cbaaf598984861466"},
]

[[package]]
name = "tzdata"
version = "2025.2"
description = "Provider of IANA time zone data"
optional = false
python-versions = ">=2"
groups = ["main"]
markers = "sys_platform == \"win32\""
files = [
    {file = "tzdata-2025.2-py2.py3-none-any.whl", hash = "sha256:1a403fada01ff9221ca8044d701868fa132215d84beb92242d9acd2147f667a8"},
    {file = "tzdata-2025.2.tar.gz", hash = "sha256:b60a638fcc0daffadf82fe0f57e53d06bdec2f36c4df66280ae79bce6bd6f2b9"},
]

[metadata]
lock-version = "2.1"
python-versions = ">=3.12"
content-hash = "3f27608a95d55f609feaf775a4d7afc85c1c931b403ea07811c7bc9652c86712"
